
Microsoft Visual Studio Solution File, Format Version 12.00
# Visual Studio Version 17
VisualStudioVersion = 17.0.31903.59
MinimumVisualStudioVersion = 10.0.40219.1
Project("{2150E333-8FDC-42A3-9474-1A3956D46DE8}") = "src", "src", "{B4FF9201-EFBD-477C-8C84-DD93B7203B01}"
EndProject
Project("{FAE04EC0-301F-11D3-BF4B-00C04F79EFBC}") = "IdentityServer", "src\IdentityServer\IdentityServer.csproj", "{F593B25B-4A9C-460E-8DAD-5F1770FF7691}"
EndProject
Project("{FAE04EC0-301F-11D3-BF4B-00C04F79EFBC}") = "ProtectedWeatherApi", "src\ProtectedWeatherApi\ProtectedWeatherApi.csproj", "{2E4BD248-DB60-4431-9BD5-B03F476D24DD}"
EndProject
Global
	GlobalSection(SolutionConfigurationPlatforms) = preSolution
		Debug|Any CPU = Debug|Any CPU
		Release|Any CPU = Release|Any CPU
	EndGlobalSection
	GlobalSection(SolutionProperties) = preSolution
		HideSolutionNode = FALSE
	EndGlobalSection
	GlobalSection(ProjectConfigurationPlatforms) = postSolution
		{F593B25B-4A9C-460E-8DAD-5F1770FF7691}.Debug|Any CPU.ActiveCfg = Debug|Any CPU
		{F593B25B-4A9C-460E-8DAD-5F1770FF7691}.Debug|Any CPU.Build.0 = Debug|Any CPU
		{F593B25B-4A9C-460E-8DAD-5F1770FF7691}.Release|Any CPU.ActiveCfg = Release|Any CPU
		{F593B25B-4A9C-460E-8DAD-5F1770FF7691}.Release|Any CPU.Build.0 = Release|Any CPU
		{2E4BD248-DB60-4431-9BD5-B03F476D24DD}.Debug|Any CPU.ActiveCfg = Debug|Any CPU
		{2E4BD248-DB60-4431-9BD5-B03F476D24DD}.Debug|Any CPU.Build.0 = Debug|Any CPU
		{2E4BD248-DB60-4431-9BD5-B03F476D24DD}.Release|Any CPU.ActiveCfg = Release|Any CPU
		{2E4BD248-DB60-4431-9BD5-B03F476D24DD}.Release|Any CPU.Build.0 = Release|Any CPU
	EndGlobalSection
	GlobalSection(NestedProjects) = preSolution
		{F593B25B-4A9C-460E-8DAD-5F1770FF7691} = {B4FF9201-EFBD-477C-8C84-DD93B7203B01}
		{2E4BD248-DB60-4431-9BD5-B03F476D24DD} = {B4FF9201-EFBD-477C-8C84-DD93B7203B01}
	EndGlobalSection
EndGlobal
